// !$*UTF8*$!
{
	archiveVersion = 1;
	classes = {
	};
	objectVersion = 77;
	objects = {

/* Begin PBXBuildFile section */
		58FB7DF62D6F61F300CC3ADC /* OpenCL.framework in Frameworks */ = {isa = PBXBuildFile; fileRef = 58FB7DF52D6F61F300CC3ADC /* OpenCL.framework */; };
		58FB7E342D70CAAB00CC3ADC /* OpenCL.framework in Frameworks */ = {isa = PBXBuildFile; fileRef = 58FB7DF52D6F61F300CC3ADC /* OpenCL.framework */; };
/* End PBXBuildFile section */

/* Begin PBXCopyFilesBuildPhase section */
		58FB7DE82D6F618200CC3ADC /* CopyFiles */ = {
			isa = PBXCopyFilesBuildPhase;
			buildActionMask = 2147483647;
			dstPath = /usr/share/man/man1/;
			dstSubfolderSpec = 0;
			files = (
			);
			runOnlyForDeploymentPostprocessing = 1;
		};
		58FB7E282D70C8A100CC3ADC /* CopyFiles */ = {
			isa = PBXCopyFilesBuildPhase;
			buildActionMask = 2147483647;
			dstPath = /usr/share/man/man1/;
			dstSubfolderSpec = 0;
			files = (
			);
			runOnlyForDeploymentPostprocessing = 1;
		};
/* End PBXCopyFilesBuildPhase section */

/* Begin PBXFileReference section */
		58FB7DEA2D6F618200CC3ADC /* OpenCL_project */ = {isa = PBXFileReference; explicitFileType = "compiled.mach-o.executable"; includeInIndex = 0; path = OpenCL_project; sourceTree = BUILT_PRODUCTS_DIR; };
		58FB7DF52D6F61F300CC3ADC /* OpenCL.framework */ = {isa = PBXFileReference; lastKnownFileType = wrapper.framework; name = OpenCL.framework; path = System/Library/Frameworks/OpenCL.framework; sourceTree = SDKROOT; };
		58FB7E2A2D70C8A100CC3ADC /* Environment */ = {isa = PBXFileReference; explicitFileType = "compiled.mach-o.executable"; includeInIndex = 0; path = Environment; sourceTree = BUILT_PRODUCTS_DIR; };
/* End PBXFileReference section */

/* Begin PBXFileSystemSynchronizedRootGroup section */
		58FB7DEC2D6F618200CC3ADC /* OpenCL_project */ = {
			isa = PBXFileSystemSynchronizedRootGroup;
			path = OpenCL_project;
			sourceTree = "<group>";
		};
		58FB7E2B2D70C8A100CC3ADC /* Environment */ = {
			isa = PBXFileSystemSynchronizedRootGroup;
			path = Environment;
			sourceTree = "<group>";
		};
		58FB7E332D70C8AB00CC3ADC /* CL */ = {
			isa = PBXFileSystemSynchronizedRootGroup;
			path = CL;
			sourceTree = "<group>";
		};
/* End PBXFileSystemSynchronizedRootGroup section */

/* Begin PBXFrameworksBuildPhase section */
		58FB7DE72D6F618200CC3ADC /* Frameworks */ = {
			isa = PBXFrameworksBuildPhase;
			buildActionMask = 2147483647;
			files = (
				58FB7DF62D6F61F300CC3ADC /* OpenCL.framework in Frameworks */,
			);
			runOnlyForDeploymentPostprocessing = 0;
		};
		58FB7E272D70C8A100CC3ADC /* Frameworks */ = {
			isa = PBXFrameworksBuildPhase;
			buildActionMask = 2147483647;
			files = (
				58FB7E342D70CAAB00CC3ADC /* OpenCL.framework in Frameworks */,
			);
			runOnlyForDeploymentPostprocessing = 0;
		};
/* End PBXFrameworksBuildPhase section */

/* Begin PBXGroup section */
		58FB7DE12D6F618200CC3ADC = {
			isa = PBXGroup;
			children = (
				58FB7DEC2D6F618200CC3ADC /* OpenCL_project */,
				58FB7E2B2D70C8A100CC3ADC /* Environment */,
				58FB7DF42D6F61F300CC3ADC /* Frameworks */,
				58FB7DEB2D6F618200CC3ADC /* Products */,
				58FB7E332D70C8AB00CC3ADC /* CL */,
			);
			sourceTree = "<group>";
		};
		58FB7DEB2D6F618200CC3ADC /* Products */ = {
			isa = PBXGroup;
			children = (
				58FB7DEA2D6F618200CC3ADC /* OpenCL_project */,
				58FB7E2A2D70C8A100CC3ADC /* Environment */,
			);
			name = Products;
			sourceTree = "<group>";
		};
		58FB7DF42D6F61F300CC3ADC /* Frameworks */ = {
			isa = PBXGroup;
			children = (
				58FB7DF52D6F61F300CC3ADC /* OpenCL.framework */,
			);
			name = Frameworks;
			sourceTree = "<group>";
		};
/* End PBXGroup section */

/* Begin PBXNativeTarget section */
		58FB7DE92D6F618200CC3ADC /* OpenCL_project */ = {
			isa = PBXNativeTarget;
			buildConfigurationList = 58FB7DF12D6F618200CC3ADC /* Build configuration list for PBXNativeTarget "OpenCL_project" */;
			buildPhases = (
				58FB7DE62D6F618200CC3ADC /* Sources */,
				58FB7DE72D6F618200CC3ADC /* Frameworks */,
				58FB7DE82D6F618200CC3ADC /* CopyFiles */,
			);
			buildRules = (
			);
			dependencies = (
			);
			fileSystemSynchronizedGroups = (
				58FB7DEC2D6F618200CC3ADC /* OpenCL_project */,
				58FB7E332D70C8AB00CC3ADC /* CL */,
			);
			name = OpenCL_project;
			packageProductDependencies = (
			);
			productName = OpenCL_project;
			productReference = 58FB7DEA2D6F618200CC3ADC /* OpenCL_project */;
			productType = "com.apple.product-type.tool";
		};
		58FB7E292D70C8A100CC3ADC /* Environment */ = {
			isa = PBXNativeTarget;
			buildConfigurationList = 58FB7E2E2D70C8A100CC3ADC /* Build configuration list for PBXNativeTarget "Environment" */;
			buildPhases = (
				58FB7E262D70C8A100CC3ADC /* Sources */,
				58FB7E272D70C8A100CC3ADC /* Frameworks */,
				58FB7E282D70C8A100CC3ADC /* CopyFiles */,
			);
			buildRules = (
			);
			dependencies = (
			);
			fileSystemSynchronizedGroups = (
				58FB7E2B2D70C8A100CC3ADC /* Environment */,
			);
			name = Environment;
			packageProductDependencies = (
			);
			productName = Environment;
			productReference = 58FB7E2A2D70C8A100CC3ADC /* Environment */;
			productType = "com.apple.product-type.tool";
		};
/* End PBXNativeTarget section */

/* Begin PBXProject section */
		58FB7DE22D6F618200CC3ADC /* Project object */ = {
			isa = PBXProject;
			attributes = {
				BuildIndependentTargetsInParallel = 1;
				LastUpgradeCheck = 1620;
				TargetAttributes = {
					58FB7DE92D6F618200CC3ADC = {
						CreatedOnToolsVersion = 16.2;
					};
					58FB7E292D70C8A100CC3ADC = {
						CreatedOnToolsVersion = 16.2;
					};
				};
			};
			buildConfigurationList = 58FB7DE52D6F618200CC3ADC /* Build configuration list for PBXProject "OpenCL_project" */;
			developmentRegion = en;
			hasScannedForEncodings = 0;
			knownRegions = (
				en,
				Base,
			);
			mainGroup = 58FB7DE12D6F618200CC3ADC;
			minimizedProjectReferenceProxies = 1;
			preferredProjectObjectVersion = 77;
			productRefGroup = 58FB7DEB2D6F618200CC3ADC /* Products */;
			projectDirPath = "";
			projectRoot = "";
			targets = (
				58FB7DE92D6F618200CC3ADC /* OpenCL_project */,
				58FB7E292D70C8A100CC3ADC /* Environment */,
			);
		};
/* End PBXProject section */

/* Begin PBXSourcesBuildPhase section */
		58FB7DE62D6F618200CC3ADC /* Sources */ = {
			isa = PBXSourcesBuildPhase;
			buildActionMask = 2147483647;
			files = (
			);
			runOnlyForDeploymentPostprocessing = 0;
		};
		58FB7E262D70C8A100CC3ADC /* Sources */ = {
			isa = PBXSourcesBuildPhase;
			buildActionMask = 2147483647;
			files = (
			);
			runOnlyForDeploymentPostprocessing = 0;
		};
/* End PBXSourcesBuildPhase section */

/* Begin XCBuildConfiguration section */
		58FB7DEF2D6F618200CC3ADC /* Debug */ = {
			isa = XCBuildConfiguration;
			buildSettings = {
				ALWAYS_SEARCH_USER_PATHS = NO;
				ASSETCATALOG_COMPILER_GENERATE_SWIFT_ASSET_SYMBOL_EXTENSIONS = YES;
				CLANG_ANALYZER_NONNULL = YES;
				CLANG_ANALYZER_NUMBER_OBJECT_CONVERSION = YES_AGGRESSIVE;
				CLANG_CXX_LANGUAGE_STANDARD = "gnu++20";
				CLANG_ENABLE_MODULES = YES;
				CLANG_ENABLE_OBJC_ARC = YES;
				CLANG_ENABLE_OBJC_WEAK = YES;
				CLANG_WARN_BLOCK_CAPTURE_AUTORELEASING = YES;
				CLANG_WARN_BOOL_CONVERSION = YES;
				CLANG_WARN_COMMA = YES;
				CLANG_WARN_CONSTANT_CONVERSION = YES;
				CLANG_WARN_DEPRECATED_OBJC_IMPLEMENTATIONS = YES;
				CLANG_WARN_DIRECT_OBJC_ISA_USAGE = YES_ERROR;
				CLANG_WARN_DOCUMENTATION_COMMENTS = YES;
				CLANG_WARN_EMPTY_BODY = YES;
				CLANG_WARN_ENUM_CONVERSION = YES;
				CLANG_WARN_INFINITE_RECURSION = YES;
				CLANG_WARN_INT_CONVERSION = YES;
				CLANG_WARN_NON_LITERAL_NULL_CONVERSION = YES;
				CLANG_WARN_OBJC_IMPLICIT_RETAIN_SELF = YES;
				CLANG_WARN_OBJC_LITERAL_CONVERSION = YES;
				CLANG_WARN_OBJC_ROOT_CLASS = YES_ERROR;
				CLANG_WARN_QUOTED_INCLUDE_IN_FRAMEWORK_HEADER = YES;
				CLANG_WARN_RANGE_LOOP_ANALYSIS = YES;
				CLANG_WARN_STRICT_PROTOTYPES = YES;
				CLANG_WARN_SUSPICIOUS_MOVE = YES;
				CLANG_WARN_UNGUARDED_AVAILABILITY = YES_AGGRESSIVE;
				CLANG_WARN_UNREACHABLE_CODE = YES;
				CLANG_WARN__DUPLICATE_METHOD_MATCH = YES;
				COPY_PHASE_STRIP = NO;
				DEBUG_INFORMATION_FORMAT = dwarf;
				ENABLE_STRICT_OBJC_MSGSEND = YES;
				ENABLE_TESTABILITY = YES;
				ENABLE_USER_SCRIPT_SANDBOXING = YES;
				GCC_C_LANGUAGE_STANDARD = gnu17;
				GCC_DYNAMIC_NO_PIC = NO;
				GCC_NO_COMMON_BLOCKS = YES;
				GCC_OPTIMIZATION_LEVEL = 0;
				GCC_PREPROCESSOR_DEFINITIONS = (
					"DEBUG=1",
					"$(inherited)",
				);
				GCC_WARN_64_TO_32_BIT_CONVERSION = YES;
				GCC_WARN_ABOUT_RETURN_TYPE = YES_ERROR;
				GCC_WARN_UNDECLARED_SELECTOR = YES;
				GCC_WARN_UNINITIALIZED_AUTOS = YES_AGGRESSIVE;
				GCC_WARN_UNUSED_FUNCTION = YES;
				GCC_WARN_UNUSED_VARIABLE = YES;
				LOCALIZATION_PREFERS_STRING_CATALOGS = YES;
				MACOSX_DEPLOYMENT_TARGET = 15.2;
				MTL_ENABLE_DEBUG_INFO = INCLUDE_SOURCE;
				MTL_FAST_MATH = YES;
				ONLY_ACTIVE_ARCH = YES;
				SDKROOT = macosx;
			};
			name = Debug;
		};
		58FB7DF02D6F618200CC3ADC /* Release */ = {
			isa = XCBuildConfiguration;
			buildSettings = {
				ALWAYS_SEARCH_USER_PATHS = NO;
				ASSETCATALOG_COMPILER_GENERATE_SWIFT_ASSET_SYMBOL_EXTENSIONS = YES;
				CLANG_ANALYZER_NONNULL = YES;
				CLANG_ANALYZER_NUMBER_OBJECT_CONVERSION = YES_AGGRESSIVE;
				CLANG_CXX_LANGUAGE_STANDARD = "gnu++20";
				CLANG_ENABLE_MODULES = YES;
				CLANG_ENABLE_OBJC_ARC = YES;
				CLANG_ENABLE_OBJC_WEAK = YES;
				CLANG_WARN_BLOCK_CAPTURE_AUTORELEASING = YES;
				CLANG_WARN_BOOL_CONVERSION = YES;
				CLANG_WARN_COMMA = YES;
				CLANG_WARN_CONSTANT_CONVERSION = YES;
				CLANG_WARN_DEPRECATED_OBJC_IMPLEMENTATIONS = YES;
				CLANG_WARN_DIRECT_OBJC_ISA_USAGE = YES_ERROR;
				CLANG_WARN_DOCUMENTATION_COMMENTS = YES;
				CLANG_WARN_EMPTY_BODY = YES;
				CLANG_WARN_ENUM_CONVERSION = YES;
				CLANG_WARN_INFINITE_RECURSION = YES;
				CLANG_WARN_INT_CONVERSION = YES;
				CLANG_WARN_NON_LITERAL_NULL_CONVERSION = YES;
				CLANG_WARN_OBJC_IMPLICIT_RETAIN_SELF = YES;
				CLANG_WARN_OBJC_LITERAL_CONVERSION = YES;
				CLANG_WARN_OBJC_ROOT_CLASS = YES_ERROR;
				CLANG_WARN_QUOTED_INCLUDE_IN_FRAMEWORK_HEADER = YES;
				CLANG_WARN_RANGE_LOOP_ANALYSIS = YES;
				CLANG_WARN_STRICT_PROTOTYPES = YES;
				CLANG_WARN_SUSPICIOUS_MOVE = YES;
				CLANG_WARN_UNGUARDED_AVAILABILITY = YES_AGGRESSIVE;
				CLANG_WARN_UNREACHABLE_CODE = YES;
				CLANG_WARN__DUPLICATE_METHOD_MATCH = YES;
				COPY_PHASE_STRIP = NO;
				DEBUG_INFORMATION_FORMAT = "dwarf-with-dsym";
				ENABLE_NS_ASSERTIONS = NO;
				ENABLE_STRICT_OBJC_MSGSEND = YES;
				ENABLE_USER_SCRIPT_SANDBOXING = YES;
				GCC_C_LANGUAGE_STANDARD = gnu17;
				GCC_NO_COMMON_BLOCKS = YES;
				GCC_WARN_64_TO_32_BIT_CONVERSION = YES;
				GCC_WARN_ABOUT_RETURN_TYPE = YES_ERROR;
				GCC_WARN_UNDECLARED_SELECTOR = YES;
				GCC_WARN_UNINITIALIZED_AUTOS = YES_AGGRESSIVE;
				GCC_WARN_UNUSED_FUNCTION = YES;
				GCC_WARN_UNUSED_VARIABLE = YES;
				LOCALIZATION_PREFERS_STRING_CATALOGS = YES;
				MACOSX_DEPLOYMENT_TARGET = 15.2;
				MTL_ENABLE_DEBUG_INFO = NO;
				MTL_FAST_MATH = YES;
				SDKROOT = macosx;
			};
			name = Release;
		};
		58FB7DF22D6F618200CC3ADC /* Debug */ = {
			isa = XCBuildConfiguration;
			buildSettings = {
				CODE_SIGN_STYLE = Automatic;
				HEADER_SEARCH_PATHS = "$(PROJECT_DIR)";
				PRODUCT_NAME = "$(TARGET_NAME)";
			};
			name = Debug;
		};
		58FB7DF32D6F618200CC3ADC /* Release */ = {
			isa = XCBuildConfiguration;
			buildSettings = {
				CODE_SIGN_STYLE = Automatic;
				HEADER_SEARCH_PATHS = "$(PROJECT_DIR)";
				PRODUCT_NAME = "$(TARGET_NAME)";
			};
			name = Release;
		};
		58FB7E2F2D70C8A100CC3ADC /* Debug */ = {
			isa = XCBuildConfiguration;
			buildSettings = {
				CODE_SIGN_STYLE = Automatic;
				HEADER_SEARCH_PATHS = "$(PROJECT_DIR)/**";
				PRODUCT_NAME = "$(TARGET_NAME)";
			};
			name = Debug;
		};
		58FB7E302D70C8A100CC3ADC /* Release */ = {
			isa = XCBuildConfiguration;
			buildSettings = {
				CODE_SIGN_STYLE = Automatic;
				HEADER_SEARCH_PATHS = "$(PROJECT_DIR)/**";
				PRODUCT_NAME = "$(TARGET_NAME)";
			};
			name = Release;
		};
/* End XCBuildConfiguration section */

/* Begin XCConfigurationList section */
		58FB7DE52D6F618200CC3ADC /* Build configuration list for PBXProject "OpenCL_project" */ = {
			isa = XCConfigurationList;
			buildConfigurations = (
				58FB7DEF2D6F618200CC3ADC /* Debug */,
				58FB7DF02D6F618200CC3ADC /* Release */,
			);
			defaultConfigurationIsVisible = 0;
			defaultConfigurationName = Release;
		};
		58FB7DF12D6F618200CC3ADC /* Build configuration list for PBXNativeTarget "OpenCL_project" */ = {
			isa = XCConfigurationList;
			buildConfigurations = (
				58FB7DF22D6F618200CC3ADC /* Debug */,
				58FB7DF32D6F618200CC3ADC /* Release */,
			);
			defaultConfigurationIsVisible = 0;
			defaultConfigurationName = Release;
		};
		58FB7E2E2D70C8A100CC3ADC /* Build configuration list for PBXNativeTarget "Environment" */ = {
			isa = XCConfigurationList;
			buildConfigurations = (
				58FB7E2F2D70C8A100CC3ADC /* Debug */,
				58FB7E302D70C8A100CC3ADC /* Release */,
			);
			defaultConfigurationIsVisible = 0;
			defaultConfigurationName = Release;
		};
/* End XCConfigurationList section */
	};
	rootObject = 58FB7DE22D6F618200CC3ADC /* Project object */;
}
